
Microsoft Visual Studio Solution File, Format Version 12.00
# Visual Studio Version 17
VisualStudioVersion = 17.9.34622.214
MinimumVisualStudioVersion = 10.0.40219.1
Project("{2150E333-8FDC-42A3-9474-1A3956D46DE8}") = "BookingService", "BookingService", "{40D04AE7-7A8A-4965-B065-26D20B510496}"
EndProject
Project("{2150E333-8FDC-42A3-9474-1A3956D46DE8}") = "PaymentService", "PaymentService", "{BC5E6304-8046-4602-9BD9-F56EE62CD44F}"
EndProject
Project("{2150E333-8FDC-42A3-9474-1A3956D46DE8}") = "Tests", "Tests", "{2FCF506C-B038-4816-90C5-B948CF9E4511}"
EndProject
Project("{2150E333-8FDC-42A3-9474-1A3956D46DE8}") = "Core", "Core", "{66915D9E-A26B-4ACA-B14A-7A18956D9917}"
EndProject
Project("{2150E333-8FDC-42A3-9474-1A3956D46DE8}") = "Consumers", "Consumers", "{A583B189-A9A3-4693-BCC2-E821F1070810}"
EndProject
Project("{2150E333-8FDC-42A3-9474-1A3956D46DE8}") = "Adapters", "Adapters", "{0F2FD397-7325-4B78-BFA6-1AF2A10A286B}"
EndProject
Project("{2150E333-8FDC-42A3-9474-1A3956D46DE8}") = "Domain", "Domain", "{A993B77F-817C-4233-A704-6B5D42DFB6B5}"
EndProject
Project("{2150E333-8FDC-42A3-9474-1A3956D46DE8}") = "Application", "Application", "{C37B871E-911D-4C20-B4B7-2A11653B096B}"
EndProject
Project("{2150E333-8FDC-42A3-9474-1A3956D46DE8}") = "Domain", "Domain", "{2EB7558D-18B7-447E-B9F2-2CF142E98F1A}"
EndProject
Project("{2150E333-8FDC-42A3-9474-1A3956D46DE8}") = "Application", "Application", "{A727DD1B-6138-4E3E-8647-22C95E89E519}"
EndProject
Project("{9A19103F-16F7-4668-BE54-9A1E7A4F7556}") = "DomainTests", "DomainTests\DomainTests.csproj", "{AD621644-2B49-463F-A3E8-D130B3787157}"
EndProject
Project("{9A19103F-16F7-4668-BE54-9A1E7A4F7556}") = "ApplicationTests", "ApplicationTests\ApplicationTests.csproj", "{E8A01032-DC1A-42A9-A765-8B16FB04995B}"
EndProject
Project("{2150E333-8FDC-42A3-9474-1A3956D46DE8}") = "Adapters", "Adapters", "{876A7EF4-EFB8-4ED2-B57A-6E37D65C063F}"
EndProject
Project("{9A19103F-16F7-4668-BE54-9A1E7A4F7556}") = "AdaptersTests", "AdaptersTests\AdaptersTests.csproj", "{4A1585A0-5D83-4AE1-B79D-A8A12EAFB40A}"
EndProject
Project("{9A19103F-16F7-4668-BE54-9A1E7A4F7556}") = "API", "API\API.csproj", "{1AEC29DA-8233-45A8-8DFE-A81827F6A2FA}"
EndProject
Project("{9A19103F-16F7-4668-BE54-9A1E7A4F7556}") = "Application", "Application\Application.csproj", "{29543B1C-F207-4214-BE31-D212D3551F49}"
EndProject
Project("{9A19103F-16F7-4668-BE54-9A1E7A4F7556}") = "Domain", "Domain\Domain.csproj", "{06B2D3BD-D1FE-4BCC-B3F9-BBFB2D55CFAA}"
EndProject
Project("{9A19103F-16F7-4668-BE54-9A1E7A4F7556}") = "Data", "Data\Data.csproj", "{EC1DD316-1AE1-47A7-9E89-FE55CB8ABBC0}"
EndProject
Project("{2150E333-8FDC-42A3-9474-1A3956D46DE8}") = "Core", "Core", "{CD36724E-6D6E-4F6C-8B4B-789BDEBA5AE8}"
EndProject
Project("{2150E333-8FDC-42A3-9474-1A3956D46DE8}") = "Application", "Application", "{120C005B-F3E4-443A-B1E1-4F92153BA9B5}"
EndProject
Project("{9A19103F-16F7-4668-BE54-9A1E7A4F7556}") = "Payment.Application", "PaymentService\Core\Application\Application\Payment.Application.csproj", "{2AFC6512-C7F4-4D1B-B9EF-07D74358025C}"
EndProject
Project("{2150E333-8FDC-42A3-9474-1A3956D46DE8}") = "Domain", "Domain", "{B12D5409-5FD4-467A-AF04-976F9C5524A4}"
EndProject
Project("{FAE04EC0-301F-11D3-BF4B-00C04F79EFBC}") = "Payments.UnitTests", "Payments.UnitTests\Payments.UnitTests.csproj", "{010782B5-D74E-471D-A473-CE821946FE45}"
EndProject
Global
	GlobalSection(SolutionConfigurationPlatforms) = preSolution
		Debug|Any CPU = Debug|Any CPU
		Release|Any CPU = Release|Any CPU
	EndGlobalSection
	GlobalSection(ProjectConfigurationPlatforms) = postSolution
		{AD621644-2B49-463F-A3E8-D130B3787157}.Debug|Any CPU.ActiveCfg = Debug|Any CPU
		{AD621644-2B49-463F-A3E8-D130B3787157}.Debug|Any CPU.Build.0 = Debug|Any CPU
		{AD621644-2B49-463F-A3E8-D130B3787157}.Release|Any CPU.ActiveCfg = Release|Any CPU
		{AD621644-2B49-463F-A3E8-D130B3787157}.Release|Any CPU.Build.0 = Release|Any CPU
		{E8A01032-DC1A-42A9-A765-8B16FB04995B}.Debug|Any CPU.ActiveCfg = Debug|Any CPU
		{E8A01032-DC1A-42A9-A765-8B16FB04995B}.Debug|Any CPU.Build.0 = Debug|Any CPU
		{E8A01032-DC1A-42A9-A765-8B16FB04995B}.Release|Any CPU.ActiveCfg = Release|Any CPU
		{E8A01032-DC1A-42A9-A765-8B16FB04995B}.Release|Any CPU.Build.0 = Release|Any CPU
		{4A1585A0-5D83-4AE1-B79D-A8A12EAFB40A}.Debug|Any CPU.ActiveCfg = Debug|Any CPU
		{4A1585A0-5D83-4AE1-B79D-A8A12EAFB40A}.Debug|Any CPU.Build.0 = Debug|Any CPU
		{4A1585A0-5D83-4AE1-B79D-A8A12EAFB40A}.Release|Any CPU.ActiveCfg = Release|Any CPU
		{4A1585A0-5D83-4AE1-B79D-A8A12EAFB40A}.Release|Any CPU.Build.0 = Release|Any CPU
		{1AEC29DA-8233-45A8-8DFE-A81827F6A2FA}.Debug|Any CPU.ActiveCfg = Debug|Any CPU
		{1AEC29DA-8233-45A8-8DFE-A81827F6A2FA}.Debug|Any CPU.Build.0 = Debug|Any CPU
		{1AEC29DA-8233-45A8-8DFE-A81827F6A2FA}.Release|Any CPU.ActiveCfg = Release|Any CPU
		{1AEC29DA-8233-45A8-8DFE-A81827F6A2FA}.Release|Any CPU.Build.0 = Release|Any CPU
		{29543B1C-F207-4214-BE31-D212D3551F49}.Debug|Any CPU.ActiveCfg = Debug|Any CPU
		{29543B1C-F207-4214-BE31-D212D3551F49}.Debug|Any CPU.Build.0 = Debug|Any CPU
		{29543B1C-F207-4214-BE31-D212D3551F49}.Release|Any CPU.ActiveCfg = Release|Any CPU
		{29543B1C-F207-4214-BE31-D212D3551F49}.Release|Any CPU.Build.0 = Release|Any CPU
		{06B2D3BD-D1FE-4BCC-B3F9-BBFB2D55CFAA}.Debug|Any CPU.ActiveCfg = Debug|Any CPU
		{06B2D3BD-D1FE-4BCC-B3F9-BBFB2D55CFAA}.Debug|Any CPU.Build.0 = Debug|Any CPU
		{06B2D3BD-D1FE-4BCC-B3F9-BBFB2D55CFAA}.Release|Any CPU.ActiveCfg = Release|Any CPU
		{06B2D3BD-D1FE-4BCC-B3F9-BBFB2D55CFAA}.Release|Any CPU.Build.0 = Release|Any CPU
		{EC1DD316-1AE1-47A7-9E89-FE55CB8ABBC0}.Debug|Any CPU.ActiveCfg = Debug|Any CPU
		{EC1DD316-1AE1-47A7-9E89-FE55CB8ABBC0}.Debug|Any CPU.Build.0 = Debug|Any CPU
		{EC1DD316-1AE1-47A7-9E89-FE55CB8ABBC0}.Release|Any CPU.ActiveCfg = Release|Any CPU
		{EC1DD316-1AE1-47A7-9E89-FE55CB8ABBC0}.Release|Any CPU.Build.0 = Release|Any CPU
		{2AFC6512-C7F4-4D1B-B9EF-07D74358025C}.Debug|Any CPU.ActiveCfg = Debug|Any CPU
		{2AFC6512-C7F4-4D1B-B9EF-07D74358025C}.Debug|Any CPU.Build.0 = Debug|Any CPU
		{2AFC6512-C7F4-4D1B-B9EF-07D74358025C}.Release|Any CPU.ActiveCfg = Release|Any CPU
		{2AFC6512-C7F4-4D1B-B9EF-07D74358025C}.Release|Any CPU.Build.0 = Release|Any CPU
		{010782B5-D74E-471D-A473-CE821946FE45}.Debug|Any CPU.ActiveCfg = Debug|Any CPU
		{010782B5-D74E-471D-A473-CE821946FE45}.Debug|Any CPU.Build.0 = Debug|Any CPU
		{010782B5-D74E-471D-A473-CE821946FE45}.Release|Any CPU.ActiveCfg = Release|Any CPU
		{010782B5-D74E-471D-A473-CE821946FE45}.Release|Any CPU.Build.0 = Release|Any CPU
	EndGlobalSection
	GlobalSection(SolutionProperties) = preSolution
		HideSolutionNode = FALSE
	EndGlobalSection
	GlobalSection(NestedProjects) = preSolution
		{2FCF506C-B038-4816-90C5-B948CF9E4511} = {40D04AE7-7A8A-4965-B065-26D20B510496}
		{66915D9E-A26B-4ACA-B14A-7A18956D9917} = {40D04AE7-7A8A-4965-B065-26D20B510496}
		{A583B189-A9A3-4693-BCC2-E821F1070810} = {40D04AE7-7A8A-4965-B065-26D20B510496}
		{0F2FD397-7325-4B78-BFA6-1AF2A10A286B} = {40D04AE7-7A8A-4965-B065-26D20B510496}
		{A993B77F-817C-4233-A704-6B5D42DFB6B5} = {66915D9E-A26B-4ACA-B14A-7A18956D9917}
		{C37B871E-911D-4C20-B4B7-2A11653B096B} = {66915D9E-A26B-4ACA-B14A-7A18956D9917}
		{2EB7558D-18B7-447E-B9F2-2CF142E98F1A} = {2FCF506C-B038-4816-90C5-B948CF9E4511}
		{A727DD1B-6138-4E3E-8647-22C95E89E519} = {2FCF506C-B038-4816-90C5-B948CF9E4511}
		{AD621644-2B49-463F-A3E8-D130B3787157} = {2EB7558D-18B7-447E-B9F2-2CF142E98F1A}
		{E8A01032-DC1A-42A9-A765-8B16FB04995B} = {A727DD1B-6138-4E3E-8647-22C95E89E519}
		{876A7EF4-EFB8-4ED2-B57A-6E37D65C063F} = {2FCF506C-B038-4816-90C5-B948CF9E4511}
		{4A1585A0-5D83-4AE1-B79D-A8A12EAFB40A} = {876A7EF4-EFB8-4ED2-B57A-6E37D65C063F}
		{1AEC29DA-8233-45A8-8DFE-A81827F6A2FA} = {A583B189-A9A3-4693-BCC2-E821F1070810}
		{29543B1C-F207-4214-BE31-D212D3551F49} = {C37B871E-911D-4C20-B4B7-2A11653B096B}
		{06B2D3BD-D1FE-4BCC-B3F9-BBFB2D55CFAA} = {A993B77F-817C-4233-A704-6B5D42DFB6B5}
		{EC1DD316-1AE1-47A7-9E89-FE55CB8ABBC0} = {0F2FD397-7325-4B78-BFA6-1AF2A10A286B}
		{CD36724E-6D6E-4F6C-8B4B-789BDEBA5AE8} = {BC5E6304-8046-4602-9BD9-F56EE62CD44F}
		{120C005B-F3E4-443A-B1E1-4F92153BA9B5} = {CD36724E-6D6E-4F6C-8B4B-789BDEBA5AE8}
		{2AFC6512-C7F4-4D1B-B9EF-07D74358025C} = {120C005B-F3E4-443A-B1E1-4F92153BA9B5}
		{B12D5409-5FD4-467A-AF04-976F9C5524A4} = {CD36724E-6D6E-4F6C-8B4B-789BDEBA5AE8}
		{010782B5-D74E-471D-A473-CE821946FE45} = {CD36724E-6D6E-4F6C-8B4B-789BDEBA5AE8}
	EndGlobalSection
	GlobalSection(ExtensibilityGlobals) = postSolution
		SolutionGuid = {436272A3-7E13-435E-94C6-669A56DFD42D}
	EndGlobalSection
EndGlobal
